// !$*UTF8*$!
{
	archiveVersion = 1;
	classes = {
	};
	objectVersion = 46;
	objects = {

/* Begin PBXBuildFile section */
		32D984851C11E4D51A9298BF /* Pods_Board.framework in Frameworks */ = {isa = PBXBuildFile; fileRef = 71A0166B03423BA0DDF253C9 /* Pods_Board.framework */; };
		8802515C1C3CFCF800A507F4 /* ZFModalTransitionAnimator.m in Sources */ = {isa = PBXBuildFile; fileRef = 8802515B1C3CFCF800A507F4 /* ZFModalTransitionAnimator.m */; };
		8822A0321C2E8570007D66DB /* AppDelegate.swift in Sources */ = {isa = PBXBuildFile; fileRef = 8822A0311C2E8570007D66DB /* AppDelegate.swift */; };
		8822A0341C2E8570007D66DB /* BaseViewController.swift in Sources */ = {isa = PBXBuildFile; fileRef = 8822A0331C2E8570007D66DB /* BaseViewController.swift */; };
		8822A0371C2E8570007D66DB /* Main.storyboard in Resources */ = {isa = PBXBuildFile; fileRef = 8822A0351C2E8570007D66DB /* Main.storyboard */; };
		8822A0391C2E8570007D66DB /* Assets.xcassets in Resources */ = {isa = PBXBuildFile; fileRef = 8822A0381C2E8570007D66DB /* Assets.xcassets */; };
		8822A03C1C2E8570007D66DB /* LaunchScreen.storyboard in Resources */ = {isa = PBXBuildFile; fileRef = 8822A03A1C2E8570007D66DB /* LaunchScreen.storyboard */; };
		8822A0471C2E8570007D66DB /* BoardTests.swift in Sources */ = {isa = PBXBuildFile; fileRef = 8822A0461C2E8570007D66DB /* BoardTests.swift */; };
		8822A0521C2E8570007D66DB /* BoardUITests.swift in Sources */ = {isa = PBXBuildFile; fileRef = 8822A0511C2E8570007D66DB /* BoardUITests.swift */; };
		8822A0601C2E885C007D66DB /* BillViewController.swift in Sources */ = {isa = PBXBuildFile; fileRef = 8822A05F1C2E885C007D66DB /* BillViewController.swift */; };
		8822A0621C2E886C007D66DB /* BalanceViewController.swift in Sources */ = {isa = PBXBuildFile; fileRef = 8822A0611C2E886C007D66DB /* BalanceViewController.swift */; };
		8822A0651C2E8895007D66DB /* WebService.swift in Sources */ = {isa = PBXBuildFile; fileRef = 8822A0641C2E8895007D66DB /* WebService.swift */; };
		8822A0AF1C2E8B36007D66DB /* Async.swift in Sources */ = {isa = PBXBuildFile; fileRef = 8822A09C1C2E8B36007D66DB /* Async.swift */; };
		8822A0B01C2E8B36007D66DB /* WYExtensionAnimation.swift in Sources */ = {isa = PBXBuildFile; fileRef = 8822A09D1C2E8B36007D66DB /* WYExtensionAnimation.swift */; };
		8822A0B11C2E8B36007D66DB /* WYExtensionArchiving.swift in Sources */ = {isa = PBXBuildFile; fileRef = 8822A09E1C2E8B36007D66DB /* WYExtensionArchiving.swift */; };
		8822A0B21C2E8B36007D66DB /* WYExtensionCollectionType.swift in Sources */ = {isa = PBXBuildFile; fileRef = 8822A09F1C2E8B36007D66DB /* WYExtensionCollectionType.swift */; };
		8822A0B31C2E8B36007D66DB /* WYExtensionDouble.swift in Sources */ = {isa = PBXBuildFile; fileRef = 8822A0A01C2E8B36007D66DB /* WYExtensionDouble.swift */; };
		8822A0B41C2E8B36007D66DB /* WYExtensionGCD.swift in Sources */ = {isa = PBXBuildFile; fileRef = 8822A0A11C2E8B36007D66DB /* WYExtensionGCD.swift */; };
		8822A0B51C2E8B36007D66DB /* WYExtensionImageLoader.swift in Sources */ = {isa = PBXBuildFile; fileRef = 8822A0A21C2E8B36007D66DB /* WYExtensionImageLoader.swift */; };
		8822A0B61C2E8B36007D66DB /* WYExtensionNSDate.swift in Sources */ = {isa = PBXBuildFile; fileRef = 8822A0A31C2E8B36007D66DB /* WYExtensionNSDate.swift */; };
		8822A0B71C2E8B36007D66DB /* WYExtensionNSUserDefault.swift in Sources */ = {isa = PBXBuildFile; fileRef = 8822A0A41C2E8B36007D66DB /* WYExtensionNSUserDefault.swift */; };
		8822A0B81C2E8B36007D66DB /* WYExtensionSoundPlayer.swift in Sources */ = {isa = PBXBuildFile; fileRef = 8822A0A51C2E8B36007D66DB /* WYExtensionSoundPlayer.swift */; };
		8822A0B91C2E8B36007D66DB /* WYExtensionString.swift in Sources */ = {isa = PBXBuildFile; fileRef = 8822A0A61C2E8B36007D66DB /* WYExtensionString.swift */; };
		8822A0BA1C2E8B36007D66DB /* WYExtensionUIButton.swift in Sources */ = {isa = PBXBuildFile; fileRef = 8822A0A71C2E8B36007D66DB /* WYExtensionUIButton.swift */; };
		8822A0BB1C2E8B36007D66DB /* WYExtensionUIColor.swift in Sources */ = {isa = PBXBuildFile; fileRef = 8822A0A81C2E8B36007D66DB /* WYExtensionUIColor.swift */; };
		8822A0BC1C2E8B36007D66DB /* WYExtensionUIImage.swift in Sources */ = {isa = PBXBuildFile; fileRef = 8822A0A91C2E8B36007D66DB /* WYExtensionUIImage.swift */; };
		8822A0BD1C2E8B36007D66DB /* WYExtensionUIImageView.swift in Sources */ = {isa = PBXBuildFile; fileRef = 8822A0AA1C2E8B36007D66DB /* WYExtensionUIImageView.swift */; };
		8822A0BE1C2E8B36007D66DB /* WYExtensionUILabel.swift in Sources */ = {isa = PBXBuildFile; fileRef = 8822A0AB1C2E8B36007D66DB /* WYExtensionUILabel.swift */; };
		8822A0BF1C2E8B36007D66DB /* WYExtensionUIScreen.swift in Sources */ = {isa = PBXBuildFile; fileRef = 8822A0AC1C2E8B36007D66DB /* WYExtensionUIScreen.swift */; };
		8822A0C01C2E8B36007D66DB /* WYExtensionUITextField.swift in Sources */ = {isa = PBXBuildFile; fileRef = 8822A0AD1C2E8B36007D66DB /* WYExtensionUITextField.swift */; };
		8822A0C11C2E8B36007D66DB /* WYExtensionUIView.swift in Sources */ = {isa = PBXBuildFile; fileRef = 8822A0AE1C2E8B36007D66DB /* WYExtensionUIView.swift */; };
		8822A0C51C2F0DC3007D66DB /* MenuRootViewController.swift in Sources */ = {isa = PBXBuildFile; fileRef = 8822A0C41C2F0DC3007D66DB /* MenuRootViewController.swift */; };
		8822A0C71C2F0E68007D66DB /* LeftMenuViewController.swift in Sources */ = {isa = PBXBuildFile; fileRef = 8822A0C61C2F0E68007D66DB /* LeftMenuViewController.swift */; };
		8822A0CA1C2F0EF4007D66DB /* Start.storyboard in Resources */ = {isa = PBXBuildFile; fileRef = 8822A0C81C2F0EF4007D66DB /* Start.storyboard */; };
		8822A0CC1C2F107D007D66DB /* DefaultConstants.swift in Sources */ = {isa = PBXBuildFile; fileRef = 8822A0CB1C2F107D007D66DB /* DefaultConstants.swift */; };
		8822A0CE1C2F55F9007D66DB /* BillEmptyDataExtension.swift in Sources */ = {isa = PBXBuildFile; fileRef = 8822A0CD1C2F55F9007D66DB /* BillEmptyDataExtension.swift */; };
		8822A0D71C2F5712007D66DB /* empty_box_img@2x.png in Resources */ = {isa = PBXBuildFile; fileRef = 8822A0D61C2F5712007D66DB /* empty_box_img@2x.png */; };
		88257B5B1C339C8F00B40B0F /* Bill.swift in Sources */ = {isa = PBXBuildFile; fileRef = 88257B5A1C339C8F00B40B0F /* Bill.swift */; };
		88257B5D1C339CA300B40B0F /* Board.swift in Sources */ = {isa = PBXBuildFile; fileRef = 88257B5C1C339CA300B40B0F /* Board.swift */; };
		88257B5F1C339CAE00B40B0F /* Person.swift in Sources */ = {isa = PBXBuildFile; fileRef = 88257B5E1C339CAE00B40B0F /* Person.swift */; };
		88257B691C34F1DC00B40B0F /* CellAnimator.swift in Sources */ = {isa = PBXBuildFile; fileRef = 88257B681C34F1DC00B40B0F /* CellAnimator.swift */; };
		88257B6D1C34FA1300B40B0F /* menu_background.png in Resources */ = {isa = PBXBuildFile; fileRef = 88257B6C1C34FA1300B40B0F /* menu_background.png */; };
		88257B6F1C35A31400B40B0F /* BaseViewControllerSegues.swift in Sources */ = {isa = PBXBuildFile; fileRef = 88257B6E1C35A31400B40B0F /* BaseViewControllerSegues.swift */; };
		88257B711C35A3E800B40B0F /* DetailBillViewController.swift in Sources */ = {isa = PBXBuildFile; fileRef = 88257B701C35A3E800B40B0F /* DetailBillViewController.swift */; };
		88257B741C35E3F700B40B0F /* AddBillViewController.swift in Sources */ = {isa = PBXBuildFile; fileRef = 88257B731C35E3F700B40B0F /* AddBillViewController.swift */; };
		882FD2C21C2F73A7008B2E95 /* BillTableViewCell.swift in Sources */ = {isa = PBXBuildFile; fileRef = 882FD2C11C2F73A7008B2E95 /* BillTableViewCell.swift */; };
		882FD2C41C2F7CBF008B2E95 /* WYCGRectExtension.swift in Sources */ = {isa = PBXBuildFile; fileRef = 882FD2C31C2F7CBF008B2E95 /* WYCGRectExtension.swift */; };
		882FD2C61C2F8380008B2E95 /* BillTableView.swift in Sources */ = {isa = PBXBuildFile; fileRef = 882FD2C51C2F8380008B2E95 /* BillTableView.swift */; };
		882FD2D21C2F8E06008B2E95 /* BillTableViewExtension.swift in Sources */ = {isa = PBXBuildFile; fileRef = 882FD2D11C2F8E06008B2E95 /* BillTableViewExtension.swift */; };
		88AF414E1C3F320300B2FEB8 /* AlterManager.swift in Sources */ = {isa = PBXBuildFile; fileRef = 88AF414D1C3F320300B2FEB8 /* AlterManager.swift */; };
		88AF419C1C3F6C0400B2FEB8 /* refund@2x.png in Resources */ = {isa = PBXBuildFile; fileRef = 88AF419B1C3F6C0400B2FEB8 /* refund@2x.png */; };
		88AF41AD1C42F26C00B2FEB8 /* BaseFloatingButtonExtension.swift in Sources */ = {isa = PBXBuildFile; fileRef = 88AF41AC1C42F26C00B2FEB8 /* BaseFloatingButtonExtension.swift */; };
		88AF41B91C42F2FC00B2FEB8 /* ArrayEx.swift in Sources */ = {isa = PBXBuildFile; fileRef = 88AF41B01C42F2FC00B2FEB8 /* ArrayEx.swift */; };
		88AF41BA1C42F2FC00B2FEB8 /* CGPointEx.swift in Sources */ = {isa = PBXBuildFile; fileRef = 88AF41B11C42F2FC00B2FEB8 /* CGPointEx.swift */; };
		88AF41BB1C42F2FC00B2FEB8 /* CGRectEx.swift in Sources */ = {isa = PBXBuildFile; fileRef = 88AF41B21C42F2FC00B2FEB8 /* CGRectEx.swift */; };
		88AF41BC1C42F2FC00B2FEB8 /* LiquidFloatingActionButton.swift in Sources */ = {isa = PBXBuildFile; fileRef = 88AF41B31C42F2FC00B2FEB8 /* LiquidFloatingActionButton.swift */; };
		88AF41BD1C42F2FC00B2FEB8 /* LiquidUtil.swift in Sources */ = {isa = PBXBuildFile; fileRef = 88AF41B41C42F2FC00B2FEB8 /* LiquidUtil.swift */; };
		88AF41BE1C42F2FC00B2FEB8 /* LiquittableCircle.swift in Sources */ = {isa = PBXBuildFile; fileRef = 88AF41B51C42F2FC00B2FEB8 /* LiquittableCircle.swift */; };
		88AF41BF1C42F2FC00B2FEB8 /* SimpleCircleLiquidEngine.swift in Sources */ = {isa = PBXBuildFile; fileRef = 88AF41B61C42F2FC00B2FEB8 /* SimpleCircleLiquidEngine.swift */; };
		88AF41C01C42F2FC00B2FEB8 /* UIColorEx.swift in Sources */ = {isa = PBXBuildFile; fileRef = 88AF41B71C42F2FC00B2FEB8 /* UIColorEx.swift */; };
		88B518811C312135009AE721 /* camera@2x.png in Resources */ = {isa = PBXBuildFile; fileRef = 88B518801C312135009AE721 /* camera@2x.png */; };
		88B518851C312258009AE721 /* writeBill@2x.png in Resources */ = {isa = PBXBuildFile; fileRef = 88B518841C312258009AE721 /* writeBill@2x.png */; };
		88B518891C3123A7009AE721 /* menu@2x.png in Resources */ = {isa = PBXBuildFile; fileRef = 88B518881C3123A7009AE721 /* menu@2x.png */; };
		88B5188C1C31294E009AE721 /* BalanceEmptyDataExtension.swift in Sources */ = {isa = PBXBuildFile; fileRef = 88B5188A1C31294E009AE721 /* BalanceEmptyDataExtension.swift */; };
		88B5188D1C31294E009AE721 /* BalanceTableViewExtension.swift in Sources */ = {isa = PBXBuildFile; fileRef = 88B5188B1C31294E009AE721 /* BalanceTableViewExtension.swift */; };
		88B518911C312AEF009AE721 /* BalanceTableViewCell.swift in Sources */ = {isa = PBXBuildFile; fileRef = 88B518901C312AEF009AE721 /* BalanceTableViewCell.swift */; };
		88B518931C312D49009AE721 /* empty_people_img@2x.png in Resources */ = {isa = PBXBuildFile; fileRef = 88B518921C312D49009AE721 /* empty_people_img@2x.png */; };
		88B518981C321871009AE721 /* LoginViewController.swift in Sources */ = {isa = PBXBuildFile; fileRef = 88B518971C321871009AE721 /* LoginViewController.swift */; };
		88B5189A1C3235F4009AE721 /* UserService.swift in Sources */ = {isa = PBXBuildFile; fileRef = 88B518991C3235F4009AE721 /* UserService.swift */; };
		88DA49A91C42F67E00A6EE25 /* TopBarSegmentControl.swift in Sources */ = {isa = PBXBuildFile; fileRef = 88DA49A81C42F67E00A6EE25 /* TopBarSegmentControl.swift */; };
/* End PBXBuildFile section */

/* Begin PBXContainerItemProxy section */
		8822A0431C2E8570007D66DB /* PBXContainerItemProxy */ = {
			isa = PBXContainerItemProxy;
			containerPortal = 8822A0261C2E8570007D66DB /* Project object */;
			proxyType = 1;
			remoteGlobalIDString = 8822A02D1C2E8570007D66DB;
			remoteInfo = Board;
		};
		8822A04E1C2E8570007D66DB /* PBXContainerItemProxy */ = {
			isa = PBXContainerItemProxy;
			containerPortal = 8822A0261C2E8570007D66DB /* Project object */;
			proxyType = 1;
			remoteGlobalIDString = 8822A02D1C2E8570007D66DB;
			remoteInfo = Board;
		};
/* End PBXContainerItemProxy section */

/* Begin PBXFileReference section */
		57F84606F108D0485A165D7C /* Pods-Board.release.xcconfig */ = {isa = PBXFileReference; includeInIndex = 1; lastKnownFileType = text.xcconfig; name = "Pods-Board.release.xcconfig"; path = "Pods/Target Support Files/Pods-Board/Pods-Board.release.xcconfig"; sourceTree = "<group>"; };
		71A0166B03423BA0DDF253C9 /* Pods_Board.framework */ = {isa = PBXFileReference; explicitFileType = wrapper.framework; includeInIndex = 0; path = Pods_Board.framework; sourceTree = BUILT_PRODUCTS_DIR; };
		8802515A1C3CFCF800A507F4 /* ZFModalTransitionAnimator.h */ = {isa = PBXFileReference; fileEncoding = 4; lastKnownFileType = sourcecode.c.h; path = ZFModalTransitionAnimator.h; sourceTree = "<group>"; };
		8802515B1C3CFCF800A507F4 /* ZFModalTransitionAnimator.m */ = {isa = PBXFileReference; fileEncoding = 4; lastKnownFileType = sourcecode.c.objc; path = ZFModalTransitionAnimator.m; sourceTree = "<group>"; };
		8822A02E1C2E8570007D66DB /* Board.app */ = {isa = PBXFileReference; explicitFileType = wrapper.application; includeInIndex = 0; path = Board.app; sourceTree = BUILT_PRODUCTS_DIR; };
		8822A0311C2E8570007D66DB /* AppDelegate.swift */ = {isa = PBXFileReference; lastKnownFileType = sourcecode.swift; path = AppDelegate.swift; sourceTree = "<group>"; };
		8822A0331C2E8570007D66DB /* BaseViewController.swift */ = {isa = PBXFileReference; lastKnownFileType = sourcecode.swift; path = BaseViewController.swift; sourceTree = "<group>"; };
		8822A0361C2E8570007D66DB /* Base */ = {isa = PBXFileReference; lastKnownFileType = file.storyboard; name = Base; path = Base.lproj/Main.storyboard; sourceTree = "<group>"; };
		8822A0381C2E8570007D66DB /* Assets.xcassets */ = {isa = PBXFileReference; lastKnownFileType = folder.assetcatalog; path = Assets.xcassets; sourceTree = "<group>"; };
		8822A03B1C2E8570007D66DB /* Base */ = {isa = PBXFileReference; lastKnownFileType = file.storyboard; name = Base; path = Base.lproj/LaunchScreen.storyboard; sourceTree = "<group>"; };
		8822A03D1C2E8570007D66DB /* Info.plist */ = {isa = PBXFileReference; lastKnownFileType = text.plist.xml; path = Info.plist; sourceTree = "<group>"; };
		8822A0421C2E8570007D66DB /* BoardTests.xctest */ = {isa = PBXFileReference; explicitFileType = wrapper.cfbundle; includeInIndex = 0; path = BoardTests.xctest; sourceTree = BUILT_PRODUCTS_DIR; };
		8822A0461C2E8570007D66DB /* BoardTests.swift */ = {isa = PBXFileReference; lastKnownFileType = sourcecode.swift; path = BoardTests.swift; sourceTree = "<group>"; };
		8822A0481C2E8570007D66DB /* Info.plist */ = {isa = PBXFileReference; lastKnownFileType = text.plist.xml; path = Info.plist; sourceTree = "<group>"; };
		8822A04D1C2E8570007D66DB /* BoardUITests.xctest */ = {isa = PBXFileReference; explicitFileType = wrapper.cfbundle; includeInIndex = 0; path = BoardUITests.xctest; sourceTree = BUILT_PRODUCTS_DIR; };
		8822A0511C2E8570007D66DB /* BoardUITests.swift */ = {isa = PBXFileReference; lastKnownFileType = sourcecode.swift; path = BoardUITests.swift; sourceTree = "<group>"; };
		8822A0531C2E8570007D66DB /* Info.plist */ = {isa = PBXFileReference; lastKnownFileType = text.plist.xml; path = Info.plist; sourceTree = "<group>"; };
		8822A05F1C2E885C007D66DB /* BillViewController.swift */ = {isa = PBXFileReference; fileEncoding = 4; lastKnownFileType = sourcecode.swift; path = BillViewController.swift; sourceTree = "<group>"; };
		8822A0611C2E886C007D66DB /* BalanceViewController.swift */ = {isa = PBXFileReference; fileEncoding = 4; lastKnownFileType = sourcecode.swift; path = BalanceViewController.swift; sourceTree = "<group>"; };
		8822A0641C2E8895007D66DB /* WebService.swift */ = {isa = PBXFileReference; fileEncoding = 4; lastKnownFileType = sourcecode.swift; path = WebService.swift; sourceTree = "<group>"; };
		8822A09C1C2E8B36007D66DB /* Async.swift */ = {isa = PBXFileReference; fileEncoding = 4; lastKnownFileType = sourcecode.swift; path = Async.swift; sourceTree = "<group>"; };
		8822A09D1C2E8B36007D66DB /* WYExtensionAnimation.swift */ = {isa = PBXFileReference; fileEncoding = 4; lastKnownFileType = sourcecode.swift; path = WYExtensionAnimation.swift; sourceTree = "<group>"; };
		8822A09E1C2E8B36007D66DB /* WYExtensionArchiving.swift */ = {isa = PBXFileReference; fileEncoding = 4; lastKnownFileType = sourcecode.swift; path = WYExtensionArchiving.swift; sourceTree = "<group>"; };
		8822A09F1C2E8B36007D66DB /* WYExtensionCollectionType.swift */ = {isa = PBXFileReference; fileEncoding = 4; lastKnownFileType = sourcecode.swift; path = WYExtensionCollectionType.swift; sourceTree = "<group>"; };
		8822A0A01C2E8B36007D66DB /* WYExtensionDouble.swift */ = {isa = PBXFileReference; fileEncoding = 4; lastKnownFileType = sourcecode.swift; path = WYExtensionDouble.swift; sourceTree = "<group>"; };
		8822A0A11C2E8B36007D66DB /* WYExtensionGCD.swift */ = {isa = PBXFileReference; fileEncoding = 4; lastKnownFileType = sourcecode.swift; path = WYExtensionGCD.swift; sourceTree = "<group>"; };
		8822A0A21C2E8B36007D66DB /* WYExtensionImageLoader.swift */ = {isa = PBXFileReference; fileEncoding = 4; lastKnownFileType = sourcecode.swift; path = WYExtensionImageLoader.swift; sourceTree = "<group>"; };
		8822A0A31C2E8B36007D66DB /* WYExtensionNSDate.swift */ = {isa = PBXFileReference; fileEncoding = 4; lastKnownFileType = sourcecode.swift; path = WYExtensionNSDate.swift; sourceTree = "<group>"; };
		8822A0A41C2E8B36007D66DB /* WYExtensionNSUserDefault.swift */ = {isa = PBXFileReference; fileEncoding = 4; lastKnownFileType = sourcecode.swift; path = WYExtensionNSUserDefault.swift; sourceTree = "<group>"; };
		8822A0A51C2E8B36007D66DB /* WYExtensionSoundPlayer.swift */ = {isa = PBXFileReference; fileEncoding = 4; lastKnownFileType = sourcecode.swift; path = WYExtensionSoundPlayer.swift; sourceTree = "<group>"; };
		8822A0A61C2E8B36007D66DB /* WYExtensionString.swift */ = {isa = PBXFileReference; fileEncoding = 4; lastKnownFileType = sourcecode.swift; path = WYExtensionString.swift; sourceTree = "<group>"; };
		8822A0A71C2E8B36007D66DB /* WYExtensionUIButton.swift */ = {isa = PBXFileReference; fileEncoding = 4; lastKnownFileType = sourcecode.swift; path = WYExtensionUIButton.swift; sourceTree = "<group>"; };
		8822A0A81C2E8B36007D66DB /* WYExtensionUIColor.swift */ = {isa = PBXFileReference; fileEncoding = 4; lastKnownFileType = sourcecode.swift; path = WYExtensionUIColor.swift; sourceTree = "<group>"; };
		8822A0A91C2E8B36007D66DB /* WYExtensionUIImage.swift */ = {isa = PBXFileReference; fileEncoding = 4; lastKnownFileType = sourcecode.swift; path = WYExtensionUIImage.swift; sourceTree = "<group>"; };
		8822A0AA1C2E8B36007D66DB /* WYExtensionUIImageView.swift */ = {isa = PBXFileReference; fileEncoding = 4; lastKnownFileType = sourcecode.swift; path = WYExtensionUIImageView.swift; sourceTree = "<group>"; };
		8822A0AB1C2E8B36007D66DB /* WYExtensionUILabel.swift */ = {isa = PBXFileReference; fileEncoding = 4; lastKnownFileType = sourcecode.swift; path = WYExtensionUILabel.swift; sourceTree = "<group>"; };
		8822A0AC1C2E8B36007D66DB /* WYExtensionUIScreen.swift */ = {isa = PBXFileReference; fileEncoding = 4; lastKnownFileType = sourcecode.swift; path = WYExtensionUIScreen.swift; sourceTree = "<group>"; };
		8822A0AD1C2E8B36007D66DB /* WYExtensionUITextField.swift */ = {isa = PBXFileReference; fileEncoding = 4; lastKnownFileType = sourcecode.swift; path = WYExtensionUITextField.swift; sourceTree = "<group>"; };
		8822A0AE1C2E8B36007D66DB /* WYExtensionUIView.swift */ = {isa = PBXFileReference; fileEncoding = 4; lastKnownFileType = sourcecode.swift; path = WYExtensionUIView.swift; sourceTree = "<group>"; };
		8822A0C41C2F0DC3007D66DB /* MenuRootViewController.swift */ = {isa = PBXFileReference; fileEncoding = 4; lastKnownFileType = sourcecode.swift; path = MenuRootViewController.swift; sourceTree = "<group>"; };
		8822A0C61C2F0E68007D66DB /* LeftMenuViewController.swift */ = {isa = PBXFileReference; fileEncoding = 4; lastKnownFileType = sourcecode.swift; path = LeftMenuViewController.swift; sourceTree = "<group>"; };
		8822A0C91C2F0EF4007D66DB /* Base */ = {isa = PBXFileReference; lastKnownFileType = file.storyboard; name = Base; path = Base.lproj/Start.storyboard; sourceTree = "<group>"; };
		8822A0CB1C2F107D007D66DB /* DefaultConstants.swift */ = {isa = PBXFileReference; fileEncoding = 4; lastKnownFileType = sourcecode.swift; path = DefaultConstants.swift; sourceTree = "<group>"; };
		8822A0CD1C2F55F9007D66DB /* BillEmptyDataExtension.swift */ = {isa = PBXFileReference; fileEncoding = 4; lastKnownFileType = sourcecode.swift; path = BillEmptyDataExtension.swift; sourceTree = "<group>"; };
		8822A0D61C2F5712007D66DB /* empty_box_img@2x.png */ = {isa = PBXFileReference; lastKnownFileType = image.png; path = "empty_box_img@2x.png"; sourceTree = "<group>"; };
		88257B5A1C339C8F00B40B0F /* Bill.swift */ = {isa = PBXFileReference; fileEncoding = 4; lastKnownFileType = sourcecode.swift; path = Bill.swift; sourceTree = "<group>"; };
		88257B5C1C339CA300B40B0F /* Board.swift */ = {isa = PBXFileReference; fileEncoding = 4; lastKnownFileType = sourcecode.swift; path = Board.swift; sourceTree = "<group>"; };
		88257B5E1C339CAE00B40B0F /* Person.swift */ = {isa = PBXFileReference; fileEncoding = 4; lastKnownFileType = sourcecode.swift; path = Person.swift; sourceTree = "<group>"; };
		88257B681C34F1DC00B40B0F /* CellAnimator.swift */ = {isa = PBXFileReference; fileEncoding = 4; lastKnownFileType = sourcecode.swift; path = CellAnimator.swift; sourceTree = "<group>"; };
		88257B6C1C34FA1300B40B0F /* menu_background.png */ = {isa = PBXFileReference; lastKnownFileType = image.png; path = menu_background.png; sourceTree = "<group>"; };
		88257B6E1C35A31400B40B0F /* BaseViewControllerSegues.swift */ = {isa = PBXFileReference; fileEncoding = 4; lastKnownFileType = sourcecode.swift; path = BaseViewControllerSegues.swift; sourceTree = "<group>"; };
		88257B701C35A3E800B40B0F /* DetailBillViewController.swift */ = {isa = PBXFileReference; fileEncoding = 4; lastKnownFileType = sourcecode.swift; path = DetailBillViewController.swift; sourceTree = "<group>"; };
		88257B731C35E3F700B40B0F /* AddBillViewController.swift */ = {isa = PBXFileReference; fileEncoding = 4; lastKnownFileType = sourcecode.swift; path = AddBillViewController.swift; sourceTree = "<group>"; };
		882FD2C11C2F73A7008B2E95 /* BillTableViewCell.swift */ = {isa = PBXFileReference; fileEncoding = 4; lastKnownFileType = sourcecode.swift; path = BillTableViewCell.swift; sourceTree = "<group>"; };
		882FD2C31C2F7CBF008B2E95 /* WYCGRectExtension.swift */ = {isa = PBXFileReference; fileEncoding = 4; lastKnownFileType = sourcecode.swift; path = WYCGRectExtension.swift; sourceTree = "<group>"; };
		882FD2C51C2F8380008B2E95 /* BillTableView.swift */ = {isa = PBXFileReference; fileEncoding = 4; lastKnownFileType = sourcecode.swift; path = BillTableView.swift; sourceTree = "<group>"; };
		882FD2D11C2F8E06008B2E95 /* BillTableViewExtension.swift */ = {isa = PBXFileReference; fileEncoding = 4; lastKnownFileType = sourcecode.swift; path = BillTableViewExtension.swift; sourceTree = "<group>"; };
		88AF414D1C3F320300B2FEB8 /* AlterManager.swift */ = {isa = PBXFileReference; fileEncoding = 4; lastKnownFileType = sourcecode.swift; path = AlterManager.swift; sourceTree = "<group>"; };
		88AF419B1C3F6C0400B2FEB8 /* refund@2x.png */ = {isa = PBXFileReference; lastKnownFileType = image.png; path = "refund@2x.png"; sourceTree = "<group>"; };
		88AF41AC1C42F26C00B2FEB8 /* BaseFloatingButtonExtension.swift */ = {isa = PBXFileReference; fileEncoding = 4; lastKnownFileType = sourcecode.swift; path = BaseFloatingButtonExtension.swift; sourceTree = "<group>"; };
		88AF41B01C42F2FC00B2FEB8 /* ArrayEx.swift */ = {isa = PBXFileReference; fileEncoding = 4; lastKnownFileType = sourcecode.swift; path = ArrayEx.swift; sourceTree = "<group>"; };
		88AF41B11C42F2FC00B2FEB8 /* CGPointEx.swift */ = {isa = PBXFileReference; fileEncoding = 4; lastKnownFileType = sourcecode.swift; path = CGPointEx.swift; sourceTree = "<group>"; };
		88AF41B21C42F2FC00B2FEB8 /* CGRectEx.swift */ = {isa = PBXFileReference; fileEncoding = 4; lastKnownFileType = sourcecode.swift; path = CGRectEx.swift; sourceTree = "<group>"; };
		88AF41B31C42F2FC00B2FEB8 /* LiquidFloatingActionButton.swift */ = {isa = PBXFileReference; fileEncoding = 4; lastKnownFileType = sourcecode.swift; path = LiquidFloatingActionButton.swift; sourceTree = "<group>"; };
		88AF41B41C42F2FC00B2FEB8 /* LiquidUtil.swift */ = {isa = PBXFileReference; fileEncoding = 4; lastKnownFileType = sourcecode.swift; path = LiquidUtil.swift; sourceTree = "<group>"; };
		88AF41B51C42F2FC00B2FEB8 /* LiquittableCircle.swift */ = {isa = PBXFileReference; fileEncoding = 4; lastKnownFileType = sourcecode.swift; path = LiquittableCircle.swift; sourceTree = "<group>"; };
		88AF41B61C42F2FC00B2FEB8 /* SimpleCircleLiquidEngine.swift */ = {isa = PBXFileReference; fileEncoding = 4; lastKnownFileType = sourcecode.swift; path = SimpleCircleLiquidEngine.swift; sourceTree = "<group>"; };
		88AF41B71C42F2FC00B2FEB8 /* UIColorEx.swift */ = {isa = PBXFileReference; fileEncoding = 4; lastKnownFileType = sourcecode.swift; path = UIColorEx.swift; sourceTree = "<group>"; };
		88B518801C312135009AE721 /* camera@2x.png */ = {isa = PBXFileReference; lastKnownFileType = image.png; path = "camera@2x.png"; sourceTree = "<group>"; };
		88B518841C312258009AE721 /* writeBill@2x.png */ = {isa = PBXFileReference; lastKnownFileType = image.png; path = "writeBill@2x.png"; sourceTree = "<group>"; };
		88B518881C3123A7009AE721 /* menu@2x.png */ = {isa = PBXFileReference; lastKnownFileType = image.png; path = "menu@2x.png"; sourceTree = "<group>"; };
		88B5188A1C31294E009AE721 /* BalanceEmptyDataExtension.swift */ = {isa = PBXFileReference; fileEncoding = 4; lastKnownFileType = sourcecode.swift; path = BalanceEmptyDataExtension.swift; sourceTree = "<group>"; };
		88B5188B1C31294E009AE721 /* BalanceTableViewExtension.swift */ = {isa = PBXFileReference; fileEncoding = 4; lastKnownFileType = sourcecode.swift; path = BalanceTableViewExtension.swift; sourceTree = "<group>"; };
		88B518901C312AEF009AE721 /* BalanceTableViewCell.swift */ = {isa = PBXFileReference; fileEncoding = 4; lastKnownFileType = sourcecode.swift; path = BalanceTableViewCell.swift; sourceTree = "<group>"; };
		88B518921C312D49009AE721 /* empty_people_img@2x.png */ = {isa = PBXFileReference; lastKnownFileType = image.png; path = "empty_people_img@2x.png"; sourceTree = "<group>"; };
		88B518941C31B3E5009AE721 /* Board-Bridging-Header.h */ = {isa = PBXFileReference; lastKnownFileType = sourcecode.c.h; path = "Board-Bridging-Header.h"; sourceTree = "<group>"; };
		88B518971C321871009AE721 /* LoginViewController.swift */ = {isa = PBXFileReference; fileEncoding = 4; lastKnownFileType = sourcecode.swift; path = LoginViewController.swift; sourceTree = "<group>"; };
		88B518991C3235F4009AE721 /* UserService.swift */ = {isa = PBXFileReference; fileEncoding = 4; lastKnownFileType = sourcecode.swift; path = UserService.swift; sourceTree = "<group>"; };
		88DA49A81C42F67E00A6EE25 /* TopBarSegmentControl.swift */ = {isa = PBXFileReference; fileEncoding = 4; lastKnownFileType = sourcecode.swift; path = TopBarSegmentControl.swift; sourceTree = "<group>"; };
		F3A2D56B4AF640D7834D2326 /* Pods-Board.debug.xcconfig */ = {isa = PBXFileReference; includeInIndex = 1; lastKnownFileType = text.xcconfig; name = "Pods-Board.debug.xcconfig"; path = "Pods/Target Support Files/Pods-Board/Pods-Board.debug.xcconfig"; sourceTree = "<group>"; };
/* End PBXFileReference section */

/* Begin PBXFrameworksBuildPhase section */
		8822A02B1C2E8570007D66DB /* Frameworks */ = {
			isa = PBXFrameworksBuildPhase;
			buildActionMask = 2147483647;
			files = (
				32D984851C11E4D51A9298BF /* Pods_Board.framework in Frameworks */,
			);
			runOnlyForDeploymentPostprocessing = 0;
		};
		8822A03F1C2E8570007D66DB /* Frameworks */ = {
			isa = PBXFrameworksBuildPhase;
			buildActionMask = 2147483647;
			files = (
			);
			runOnlyForDeploymentPostprocessing = 0;
		};
		8822A04A1C2E8570007D66DB /* Frameworks */ = {
			isa = PBXFrameworksBuildPhase;
			buildActionMask = 2147483647;
			files = (
			);
			runOnlyForDeploymentPostprocessing = 0;
		};
/* End PBXFrameworksBuildPhase section */

/* Begin PBXGroup section */
		09A4D1DA1723E5EB5D78B94A /* Pods */ = {
			isa = PBXGroup;
			children = (
				F3A2D56B4AF640D7834D2326 /* Pods-Board.debug.xcconfig */,
				57F84606F108D0485A165D7C /* Pods-Board.release.xcconfig */,
			);
			name = Pods;
			sourceTree = "<group>";
		};
		8822A0251C2E8570007D66DB = {
			isa = PBXGroup;
			children = (
				8822A0301C2E8570007D66DB /* Board */,
				8822A0451C2E8570007D66DB /* BoardTests */,
				8822A0501C2E8570007D66DB /* BoardUITests */,
				8822A02F1C2E8570007D66DB /* Products */,
				09A4D1DA1723E5EB5D78B94A /* Pods */,
				A2A6A6DC28C108286191AD84 /* Frameworks */,
			);
			sourceTree = "<group>";
		};
		8822A02F1C2E8570007D66DB /* Products */ = {
			isa = PBXGroup;
			children = (
				8822A02E1C2E8570007D66DB /* Board.app */,
				8822A0421C2E8570007D66DB /* BoardTests.xctest */,
				8822A04D1C2E8570007D66DB /* BoardUITests.xctest */,
			);
			name = Products;
			sourceTree = "<group>";
		};
		8822A0301C2E8570007D66DB /* Board */ = {
			isa = PBXGroup;
			children = (
				8822A0631C2E8873007D66DB /* Controllers */,
				8822A0671C2E88BB007D66DB /* Models */,
				8822A0681C2E88CD007D66DB /* Views */,
				8822A0661C2E889C007D66DB /* Services */,
				8822A0691C2E88EC007D66DB /* Storyboards */,
				8822A0981C2E8AF8007D66DB /* Utils */,
				8822A0D41C2F56FA007D66DB /* Images */,
				8822A0311C2E8570007D66DB /* AppDelegate.swift */,
				88B518941C31B3E5009AE721 /* Board-Bridging-Header.h */,
				8822A0381C2E8570007D66DB /* Assets.xcassets */,
				8822A03A1C2E8570007D66DB /* LaunchScreen.storyboard */,
				8822A03D1C2E8570007D66DB /* Info.plist */,
			);
			path = Board;
			sourceTree = "<group>";
		};
		8822A0451C2E8570007D66DB /* BoardTests */ = {
			isa = PBXGroup;
			children = (
				8822A0461C2E8570007D66DB /* BoardTests.swift */,
				8822A0481C2E8570007D66DB /* Info.plist */,
			);
			path = BoardTests;
			sourceTree = "<group>";
		};
		8822A0501C2E8570007D66DB /* BoardUITests */ = {
			isa = PBXGroup;
			children = (
				8822A0511C2E8570007D66DB /* BoardUITests.swift */,
				8822A0531C2E8570007D66DB /* Info.plist */,
			);
			path = BoardUITests;
			sourceTree = "<group>";
		};
		8822A0631C2E8873007D66DB /* Controllers */ = {
			isa = PBXGroup;
			children = (
				882FD2D51C2F8FB6008B2E95 /* Start */,
				882FD2D31C2F8FA1008B2E95 /* Bill */,
				882FD2D41C2F8FAD008B2E95 /* Balance */,
				88257B721C35A3EF00B40B0F /* Add Bill */,
				8822A0D21C2F56AB007D66DB /* Menu */,
			);
			name = Controllers;
			sourceTree = "<group>";
		};
		8822A0661C2E889C007D66DB /* Services */ = {
			isa = PBXGroup;
			children = (
				88B518991C3235F4009AE721 /* UserService.swift */,
				8822A0641C2E8895007D66DB /* WebService.swift */,
				8822A0CB1C2F107D007D66DB /* DefaultConstants.swift */,
				88AF414D1C3F320300B2FEB8 /* AlterManager.swift */,
			);
			name = Services;
			sourceTree = "<group>";
		};
		8822A0671C2E88BB007D66DB /* Models */ = {
			isa = PBXGroup;
			children = (
				88257B5A1C339C8F00B40B0F /* Bill.swift */,
				88257B5C1C339CA300B40B0F /* Board.swift */,
				88257B5E1C339CAE00B40B0F /* Person.swift */,
			);
			name = Models;
			sourceTree = "<group>";
		};
		8822A0681C2E88CD007D66DB /* Views */ = {
			isa = PBXGroup;
			children = (
				882FD2C51C2F8380008B2E95 /* BillTableView.swift */,
				882FD2C11C2F73A7008B2E95 /* BillTableViewCell.swift */,
				88257B681C34F1DC00B40B0F /* CellAnimator.swift */,
				88B518901C312AEF009AE721 /* BalanceTableViewCell.swift */,
				88DA49A81C42F67E00A6EE25 /* TopBarSegmentControl.swift */,
			);
			name = Views;
			sourceTree = "<group>";
		};
		8822A0691C2E88EC007D66DB /* Storyboards */ = {
			isa = PBXGroup;
			children = (
				8822A0351C2E8570007D66DB /* Main.storyboard */,
				8822A0C81C2F0EF4007D66DB /* Start.storyboard */,
			);
			name = Storyboards;
			sourceTree = "<group>";
		};
		8822A0981C2E8AF8007D66DB /* Utils */ = {
			isa = PBXGroup;
			children = (
				88AF41AE1C42F2FC00B2FEB8 /* FloatingButton */,
				88257B991C3702C600B40B0F /* ZFModalTransitionAnimator */,
				8822A09B1C2E8B36007D66DB /* WYExtensionUtil */,
			);
			name = Utils;
			sourceTree = "<group>";
		};
		8822A09B1C2E8B36007D66DB /* WYExtensionUtil */ = {
			isa = PBXGroup;
			children = (
				8822A09C1C2E8B36007D66DB /* Async.swift */,
				8822A09D1C2E8B36007D66DB /* WYExtensionAnimation.swift */,
				8822A09E1C2E8B36007D66DB /* WYExtensionArchiving.swift */,
				8822A09F1C2E8B36007D66DB /* WYExtensionCollectionType.swift */,
				8822A0A01C2E8B36007D66DB /* WYExtensionDouble.swift */,
				8822A0A11C2E8B36007D66DB /* WYExtensionGCD.swift */,
				8822A0A21C2E8B36007D66DB /* WYExtensionImageLoader.swift */,
				8822A0A31C2E8B36007D66DB /* WYExtensionNSDate.swift */,
				8822A0A41C2E8B36007D66DB /* WYExtensionNSUserDefault.swift */,
				8822A0A51C2E8B36007D66DB /* WYExtensionSoundPlayer.swift */,
				8822A0A61C2E8B36007D66DB /* WYExtensionString.swift */,
				8822A0A71C2E8B36007D66DB /* WYExtensionUIButton.swift */,
				8822A0A81C2E8B36007D66DB /* WYExtensionUIColor.swift */,
				8822A0A91C2E8B36007D66DB /* WYExtensionUIImage.swift */,
				8822A0AA1C2E8B36007D66DB /* WYExtensionUIImageView.swift */,
				8822A0AB1C2E8B36007D66DB /* WYExtensionUILabel.swift */,
				8822A0AC1C2E8B36007D66DB /* WYExtensionUIScreen.swift */,
				8822A0AD1C2E8B36007D66DB /* WYExtensionUITextField.swift */,
				8822A0AE1C2E8B36007D66DB /* WYExtensionUIView.swift */,
				882FD2C31C2F7CBF008B2E95 /* WYCGRectExtension.swift */,
			);
			path = WYExtensionUtil;
			sourceTree = "<group>";
		};
		8822A0D21C2F56AB007D66DB /* Menu */ = {
			isa = PBXGroup;
			children = (
				8822A0C41C2F0DC3007D66DB /* MenuRootViewController.swift */,
				8822A0C61C2F0E68007D66DB /* LeftMenuViewController.swift */,
			);
			name = Menu;
			sourceTree = "<group>";
		};
		8822A0D41C2F56FA007D66DB /* Images */ = {
			isa = PBXGroup;
			children = (
				88AF419B1C3F6C0400B2FEB8 /* refund@2x.png */,
				88257B6C1C34FA1300B40B0F /* menu_background.png */,
				88B518801C312135009AE721 /* camera@2x.png */,
				88B518841C312258009AE721 /* writeBill@2x.png */,
				8822A0D61C2F5712007D66DB /* empty_box_img@2x.png */,
				88B518921C312D49009AE721 /* empty_people_img@2x.png */,
				88B518881C3123A7009AE721 /* menu@2x.png */,
			);
			name = Images;
			sourceTree = "<group>";
		};
		88257B721C35A3EF00B40B0F /* Add Bill */ = {
			isa = PBXGroup;
			children = (
				88257B731C35E3F700B40B0F /* AddBillViewController.swift */,
			);
			name = "Add Bill";
			sourceTree = "<group>";
		};
		88257B991C3702C600B40B0F /* ZFModalTransitionAnimator */ = {
			isa = PBXGroup;
			children = (
				8802515A1C3CFCF800A507F4 /* ZFModalTransitionAnimator.h */,
				8802515B1C3CFCF800A507F4 /* ZFModalTransitionAnimator.m */,
			);
			name = ZFModalTransitionAnimator;
			sourceTree = "<group>";
		};
		882FD2D31C2F8FA1008B2E95 /* Bill */ = {
			isa = PBXGroup;
			children = (
				8822A05F1C2E885C007D66DB /* BillViewController.swift */,
				882FD2D11C2F8E06008B2E95 /* BillTableViewExtension.swift */,
				8822A0CD1C2F55F9007D66DB /* BillEmptyDataExtension.swift */,
				88257B701C35A3E800B40B0F /* DetailBillViewController.swift */,
			);
			name = Bill;
			sourceTree = "<group>";
		};
		882FD2D41C2F8FAD008B2E95 /* Balance */ = {
			isa = PBXGroup;
			children = (
				8822A0611C2E886C007D66DB /* BalanceViewController.swift */,
				88B5188A1C31294E009AE721 /* BalanceEmptyDataExtension.swift */,
				88B5188B1C31294E009AE721 /* BalanceTableViewExtension.swift */,
			);
			name = Balance;
			sourceTree = "<group>";
		};
		882FD2D51C2F8FB6008B2E95 /* Start */ = {
			isa = PBXGroup;
			children = (
				88B518971C321871009AE721 /* LoginViewController.swift */,
				8822A0331C2E8570007D66DB /* BaseViewController.swift */,
				88AF41AC1C42F26C00B2FEB8 /* BaseFloatingButtonExtension.swift */,
				88257B6E1C35A31400B40B0F /* BaseViewControllerSegues.swift */,
			);
			name = Start;
			sourceTree = "<group>";
		};
		88AF41AE1C42F2FC00B2FEB8 /* FloatingButton */ = {
			isa = PBXGroup;
			children = (
				88AF41B01C42F2FC00B2FEB8 /* ArrayEx.swift */,
				88AF41B11C42F2FC00B2FEB8 /* CGPointEx.swift */,
				88AF41B21C42F2FC00B2FEB8 /* CGRectEx.swift */,
				88AF41B31C42F2FC00B2FEB8 /* LiquidFloatingActionButton.swift */,
				88AF41B41C42F2FC00B2FEB8 /* LiquidUtil.swift */,
				88AF41B51C42F2FC00B2FEB8 /* LiquittableCircle.swift */,
				88AF41B61C42F2FC00B2FEB8 /* SimpleCircleLiquidEngine.swift */,
				88AF41B71C42F2FC00B2FEB8 /* UIColorEx.swift */,
			);
			path = FloatingButton;
			sourceTree = "<group>";
		};
		A2A6A6DC28C108286191AD84 /* Frameworks */ = {
			isa = PBXGroup;
			children = (
				71A0166B03423BA0DDF253C9 /* Pods_Board.framework */,
			);
			name = Frameworks;
			sourceTree = "<group>";
		};
/* End PBXGroup section */

/* Begin PBXNativeTarget section */
		8822A02D1C2E8570007D66DB /* Board */ = {
			isa = PBXNativeTarget;
			buildConfigurationList = 8822A0561C2E8570007D66DB /* Build configuration list for PBXNativeTarget "Board" */;
			buildPhases = (
				87B58DDC0A178DD60D196401 /* Check Pods Manifest.lock */,
				8822A02A1C2E8570007D66DB /* Sources */,
				8822A02B1C2E8570007D66DB /* Frameworks */,
				8822A02C1C2E8570007D66DB /* Resources */,
				956C5417CE6BBD576E3105DE /* Embed Pods Frameworks */,
				78B05C21CB449845ABAEC321 /* Copy Pods Resources */,
			);
			buildRules = (
			);
			dependencies = (
			);
			name = Board;
			productName = Board;
			productReference = 8822A02E1C2E8570007D66DB /* Board.app */;
			productType = "com.apple.product-type.application";
		};
		8822A0411C2E8570007D66DB /* BoardTests */ = {
			isa = PBXNativeTarget;
			buildConfigurationList = 8822A0591C2E8570007D66DB /* Build configuration list for PBXNativeTarget "BoardTests" */;
			buildPhases = (
				8822A03E1C2E8570007D66DB /* Sources */,
				8822A03F1C2E8570007D66DB /* Frameworks */,
				8822A0401C2E8570007D66DB /* Resources */,
			);
			buildRules = (
			);
			dependencies = (
				8822A0441C2E8570007D66DB /* PBXTargetDependency */,
			);
			name = BoardTests;
			productName = BoardTests;
			productReference = 8822A0421C2E8570007D66DB /* BoardTests.xctest */;
			productType = "com.apple.product-type.bundle.unit-test";
		};
		8822A04C1C2E8570007D66DB /* BoardUITests */ = {
			isa = PBXNativeTarget;
			buildConfigurationList = 8822A05C1C2E8570007D66DB /* Build configuration list for PBXNativeTarget "BoardUITests" */;
			buildPhases = (
				8822A0491C2E8570007D66DB /* Sources */,
				8822A04A1C2E8570007D66DB /* Frameworks */,
				8822A04B1C2E8570007D66DB /* Resources */,
			);
			buildRules = (
			);
			dependencies = (
				8822A04F1C2E8570007D66DB /* PBXTargetDependency */,
			);
			name = BoardUITests;
			productName = BoardUITests;
			productReference = 8822A04D1C2E8570007D66DB /* BoardUITests.xctest */;
			productType = "com.apple.product-type.bundle.ui-testing";
		};
/* End PBXNativeTarget section */

/* Begin PBXProject section */
		8822A0261C2E8570007D66DB /* Project object */ = {
			isa = PBXProject;
			attributes = {
				LastSwiftUpdateCheck = 0720;
				LastUpgradeCheck = 0720;
				ORGANIZATIONNAME = "Wang Yu";
				TargetAttributes = {
					8822A02D1C2E8570007D66DB = {
						CreatedOnToolsVersion = 7.2;
					};
					8822A0411C2E8570007D66DB = {
						CreatedOnToolsVersion = 7.2;
						TestTargetID = 8822A02D1C2E8570007D66DB;
					};
					8822A04C1C2E8570007D66DB = {
						CreatedOnToolsVersion = 7.2;
						TestTargetID = 8822A02D1C2E8570007D66DB;
					};
				};
			};
			buildConfigurationList = 8822A0291C2E8570007D66DB /* Build configuration list for PBXProject "Board" */;
			compatibilityVersion = "Xcode 3.2";
			developmentRegion = English;
			hasScannedForEncodings = 0;
			knownRegions = (
				en,
				Base,
			);
			mainGroup = 8822A0251C2E8570007D66DB;
			productRefGroup = 8822A02F1C2E8570007D66DB /* Products */;
			projectDirPath = "";
			projectRoot = "";
			targets = (
				8822A02D1C2E8570007D66DB /* Board */,
				8822A0411C2E8570007D66DB /* BoardTests */,
				8822A04C1C2E8570007D66DB /* BoardUITests */,
			);
		};
/* End PBXProject section */

/* Begin PBXResourcesBuildPhase section */
		8822A02C1C2E8570007D66DB /* Resources */ = {
			isa = PBXResourcesBuildPhase;
			buildActionMask = 2147483647;
			files = (
				88AF419C1C3F6C0400B2FEB8 /* refund@2x.png in Resources */,
				8822A03C1C2E8570007D66DB /* LaunchScreen.storyboard in Resources */,
				88B518811C312135009AE721 /* camera@2x.png in Resources */,
				8822A0391C2E8570007D66DB /* Assets.xcassets in Resources */,
				88B518931C312D49009AE721 /* empty_people_img@2x.png in Resources */,
				88B518891C3123A7009AE721 /* menu@2x.png in Resources */,
				8822A0D71C2F5712007D66DB /* empty_box_img@2x.png in Resources */,
				88B518851C312258009AE721 /* writeBill@2x.png in Resources */,
				8822A0371C2E8570007D66DB /* Main.storyboard in Resources */,
				8822A0CA1C2F0EF4007D66DB /* Start.storyboard in Resources */,
				88257B6D1C34FA1300B40B0F /* menu_background.png in Resources */,
			);
			runOnlyForDeploymentPostprocessing = 0;
		};
		8822A0401C2E8570007D66DB /* Resources */ = {
			isa = PBXResourcesBuildPhase;
			buildActionMask = 2147483647;
			files = (
			);
			runOnlyForDeploymentPostprocessing = 0;
		};
		8822A04B1C2E8570007D66DB /* Resources */ = {
			isa = PBXResourcesBuildPhase;
			buildActionMask = 2147483647;
			files = (
			);
			runOnlyForDeploymentPostprocessing = 0;
		};
/* End PBXResourcesBuildPhase section */

/* Begin PBXShellScriptBuildPhase section */
		78B05C21CB449845ABAEC321 /* Copy Pods Resources */ = {
			isa = PBXShellScriptBuildPhase;
			buildActionMask = 2147483647;
			files = (
			);
			inputPaths = (
			);
			name = "Copy Pods Resources";
			outputPaths = (
			);
			runOnlyForDeploymentPostprocessing = 0;
			shellPath = /bin/sh;
			shellScript = "\"${SRCROOT}/Pods/Target Support Files/Pods-Board/Pods-Board-resources.sh\"\n";
			showEnvVarsInLog = 0;
		};
		87B58DDC0A178DD60D196401 /* Check Pods Manifest.lock */ = {
			isa = PBXShellScriptBuildPhase;
			buildActionMask = 2147483647;
			files = (
			);
			inputPaths = (
			);
			name = "Check Pods Manifest.lock";
			outputPaths = (
			);
			runOnlyForDeploymentPostprocessing = 0;
			shellPath = /bin/sh;
			shellScript = "diff \"${PODS_ROOT}/../Podfile.lock\" \"${PODS_ROOT}/Manifest.lock\" > /dev/null\nif [[ $? != 0 ]] ; then\n    cat << EOM\nerror: The sandbox is not in sync with the Podfile.lock. Run 'pod install' or update your CocoaPods installation.\nEOM\n    exit 1\nfi\n";
			showEnvVarsInLog = 0;
		};
		956C5417CE6BBD576E3105DE /* Embed Pods Frameworks */ = {
			isa = PBXShellScriptBuildPhase;
			buildActionMask = 2147483647;
			files = (
			);
			inputPaths = (
			);
			name = "Embed Pods Frameworks";
			outputPaths = (
			);
			runOnlyForDeploymentPostprocessing = 0;
			shellPath = /bin/sh;
			shellScript = "\"${SRCROOT}/Pods/Target Support Files/Pods-Board/Pods-Board-frameworks.sh\"\n";
			showEnvVarsInLog = 0;
		};
/* End PBXShellScriptBuildPhase section */

/* Begin PBXSourcesBuildPhase section */
		8822A02A1C2E8570007D66DB /* Sources */ = {
			isa = PBXSourcesBuildPhase;
			buildActionMask = 2147483647;
			files = (
				88B518981C321871009AE721 /* LoginViewController.swift in Sources */,
				88DA49A91C42F67E00A6EE25 /* TopBarSegmentControl.swift in Sources */,
				8822A0C11C2E8B36007D66DB /* WYExtensionUIView.swift in Sources */,
				8822A0C01C2E8B36007D66DB /* WYExtensionUITextField.swift in Sources */,
				8822A0BA1C2E8B36007D66DB /* WYExtensionUIButton.swift in Sources */,
				8822A0BC1C2E8B36007D66DB /* WYExtensionUIImage.swift in Sources */,
				88257B741C35E3F700B40B0F /* AddBillViewController.swift in Sources */,
				882FD2C21C2F73A7008B2E95 /* BillTableViewCell.swift in Sources */,
				8822A0CE1C2F55F9007D66DB /* BillEmptyDataExtension.swift in Sources */,
				8822A0B31C2E8B36007D66DB /* WYExtensionDouble.swift in Sources */,
				8822A0B01C2E8B36007D66DB /* WYExtensionAnimation.swift in Sources */,
				88B5188D1C31294E009AE721 /* BalanceTableViewExtension.swift in Sources */,
				8822A0341C2E8570007D66DB /* BaseViewController.swift in Sources */,
				8822A0321C2E8570007D66DB /* AppDelegate.swift in Sources */,
				88AF41BD1C42F2FC00B2FEB8 /* LiquidUtil.swift in Sources */,
				88257B711C35A3E800B40B0F /* DetailBillViewController.swift in Sources */,
				8802515C1C3CFCF800A507F4 /* ZFModalTransitionAnimator.m in Sources */,
				8822A0601C2E885C007D66DB /* BillViewController.swift in Sources */,
				88B518911C312AEF009AE721 /* BalanceTableViewCell.swift in Sources */,
				88B5189A1C3235F4009AE721 /* UserService.swift in Sources */,
				8822A0651C2E8895007D66DB /* WebService.swift in Sources */,
				8822A0C71C2F0E68007D66DB /* LeftMenuViewController.swift in Sources */,
				8822A0B91C2E8B36007D66DB /* WYExtensionString.swift in Sources */,
				8822A0BF1C2E8B36007D66DB /* WYExtensionUIScreen.swift in Sources */,
				88AF414E1C3F320300B2FEB8 /* AlterManager.swift in Sources */,
				8822A0B51C2E8B36007D66DB /* WYExtensionImageLoader.swift in Sources */,
				8822A0BB1C2E8B36007D66DB /* WYExtensionUIColor.swift in Sources */,
				8822A0B71C2E8B36007D66DB /* WYExtensionNSUserDefault.swift in Sources */,
				88257B5D1C339CA300B40B0F /* Board.swift in Sources */,
				88AF41AD1C42F26C00B2FEB8 /* BaseFloatingButtonExtension.swift in Sources */,
				88257B5F1C339CAE00B40B0F /* Person.swift in Sources */,
				8822A0CC1C2F107D007D66DB /* DefaultConstants.swift in Sources */,
				8822A0BD1C2E8B36007D66DB /* WYExtensionUIImageView.swift in Sources */,
				88257B5B1C339C8F00B40B0F /* Bill.swift in Sources */,
				88B5188C1C31294E009AE721 /* BalanceEmptyDataExtension.swift in Sources */,
				882FD2C61C2F8380008B2E95 /* BillTableView.swift in Sources */,
				88AF41BE1C42F2FC00B2FEB8 /* LiquittableCircle.swift in Sources */,
				8822A0B61C2E8B36007D66DB /* WYExtensionNSDate.swift in Sources */,
				882FD2C41C2F7CBF008B2E95 /* WYCGRectExtension.swift in Sources */,
				88AF41B91C42F2FC00B2FEB8 /* ArrayEx.swift in Sources */,
				88257B691C34F1DC00B40B0F /* CellAnimator.swift in Sources */,
				8822A0B11C2E8B36007D66DB /* WYExtensionArchiving.swift in Sources */,
				88257B6F1C35A31400B40B0F /* BaseViewControllerSegues.swift in Sources */,
				88AF41BC1C42F2FC00B2FEB8 /* LiquidFloatingActionButton.swift in Sources */,
				88AF41C01C42F2FC00B2FEB8 /* UIColorEx.swift in Sources */,
				8822A0AF1C2E8B36007D66DB /* Async.swift in Sources */,
				8822A0621C2E886C007D66DB /* BalanceViewController.swift in Sources */,
				882FD2D21C2F8E06008B2E95 /* BillTableViewExtension.swift in Sources */,
				8822A0B41C2E8B36007D66DB /* WYExtensionGCD.swift in Sources */,
				8822A0BE1C2E8B36007D66DB /* WYExtensionUILabel.swift in Sources */,
				88AF41BA1C42F2FC00B2FEB8 /* CGPointEx.swift in Sources */,
				88AF41BB1C42F2FC00B2FEB8 /* CGRectEx.swift in Sources */,
				8822A0B21C2E8B36007D66DB /* WYExtensionCollectionType.swift in Sources */,
				8822A0C51C2F0DC3007D66DB /* MenuRootViewController.swift in Sources */,
				8822A0B81C2E8B36007D66DB /* WYExtensionSoundPlayer.swift in Sources */,
				88AF41BF1C42F2FC00B2FEB8 /* SimpleCircleLiquidEngine.swift in Sources */,
			);
			runOnlyForDeploymentPostprocessing = 0;
		};
		8822A03E1C2E8570007D66DB /* Sources */ = {
			isa = PBXSourcesBuildPhase;
			buildActionMask = 2147483647;
			files = (
				8822A0471C2E8570007D66DB /* BoardTests.swift in Sources */,
			);
			runOnlyForDeploymentPostprocessing = 0;
		};
		8822A0491C2E8570007D66DB /* Sources */ = {
			isa = PBXSourcesBuildPhase;
			buildActionMask = 2147483647;
			files = (
				8822A0521C2E8570007D66DB /* BoardUITests.swift in Sources */,
			);
			runOnlyForDeploymentPostprocessing = 0;
		};
/* End PBXSourcesBuildPhase section */

/* Begin PBXTargetDependency section */
		8822A0441C2E8570007D66DB /* PBXTargetDependency */ = {
			isa = PBXTargetDependency;
			target = 8822A02D1C2E8570007D66DB /* Board */;
			targetProxy = 8822A0431C2E8570007D66DB /* PBXContainerItemProxy */;
		};
		8822A04F1C2E8570007D66DB /* PBXTargetDependency */ = {
			isa = PBXTargetDependency;
			target = 8822A02D1C2E8570007D66DB /* Board */;
			targetProxy = 8822A04E1C2E8570007D66DB /* PBXContainerItemProxy */;
		};
/* End PBXTargetDependency section */

/* Begin PBXVariantGroup section */
		8822A0351C2E8570007D66DB /* Main.storyboard */ = {
			isa = PBXVariantGroup;
			children = (
				8822A0361C2E8570007D66DB /* Base */,
			);
			name = Main.storyboard;
			sourceTree = "<group>";
		};
		8822A03A1C2E8570007D66DB /* LaunchScreen.storyboard */ = {
			isa = PBXVariantGroup;
			children = (
				8822A03B1C2E8570007D66DB /* Base */,
			);
			name = LaunchScreen.storyboard;
			sourceTree = "<group>";
		};
		8822A0C81C2F0EF4007D66DB /* Start.storyboard */ = {
			isa = PBXVariantGroup;
			children = (
				8822A0C91C2F0EF4007D66DB /* Base */,
			);
			name = Start.storyboard;
			sourceTree = "<group>";
		};
/* End PBXVariantGroup section */

/* Begin XCBuildConfiguration section */
		8822A0541C2E8570007D66DB /* Debug */ = {
			isa = XCBuildConfiguration;
			buildSettings = {
				ALWAYS_SEARCH_USER_PATHS = NO;
				CLANG_CXX_LANGUAGE_STANDARD = "gnu++0x";
				CLANG_CXX_LIBRARY = "libc++";
				CLANG_ENABLE_MODULES = YES;
				CLANG_ENABLE_OBJC_ARC = YES;
				CLANG_WARN_BOOL_CONVERSION = YES;
				CLANG_WARN_CONSTANT_CONVERSION = YES;
				CLANG_WARN_DIRECT_OBJC_ISA_USAGE = YES_ERROR;
				CLANG_WARN_EMPTY_BODY = YES;
				CLANG_WARN_ENUM_CONVERSION = YES;
				CLANG_WARN_INT_CONVERSION = YES;
				CLANG_WARN_OBJC_ROOT_CLASS = YES_ERROR;
				CLANG_WARN_UNREACHABLE_CODE = YES;
				CLANG_WARN__DUPLICATE_METHOD_MATCH = YES;
				"CODE_SIGN_IDENTITY[sdk=iphoneos*]" = "iPhone Developer";
				COPY_PHASE_STRIP = NO;
				DEBUG_INFORMATION_FORMAT = dwarf;
				ENABLE_STRICT_OBJC_MSGSEND = YES;
				ENABLE_TESTABILITY = YES;
				GCC_C_LANGUAGE_STANDARD = gnu99;
				GCC_DYNAMIC_NO_PIC = NO;
				GCC_NO_COMMON_BLOCKS = YES;
				GCC_OPTIMIZATION_LEVEL = 0;
				GCC_PREPROCESSOR_DEFINITIONS = (
					"DEBUG=1",
					"$(inherited)",
				);
				GCC_WARN_64_TO_32_BIT_CONVERSION = YES;
				GCC_WARN_ABOUT_RETURN_TYPE = YES_ERROR;
				GCC_WARN_UNDECLARED_SELECTOR = YES;
				GCC_WARN_UNINITIALIZED_AUTOS = YES_AGGRESSIVE;
				GCC_WARN_UNUSED_FUNCTION = YES;
				GCC_WARN_UNUSED_VARIABLE = YES;
				IPHONEOS_DEPLOYMENT_TARGET = 9.2;
				MTL_ENABLE_DEBUG_INFO = YES;
				ONLY_ACTIVE_ARCH = YES;
				SDKROOT = iphoneos;
				SWIFT_OPTIMIZATION_LEVEL = "-Onone";
				TARGETED_DEVICE_FAMILY = "1,2";
			};
			name = Debug;
		};
		8822A0551C2E8570007D66DB /* Release */ = {
			isa = XCBuildConfiguration;
			buildSettings = {
				ALWAYS_SEARCH_USER_PATHS = NO;
				CLANG_CXX_LANGUAGE_STANDARD = "gnu++0x";
				CLANG_CXX_LIBRARY = "libc++";
				CLANG_ENABLE_MODULES = YES;
				CLANG_ENABLE_OBJC_ARC = YES;
				CLANG_WARN_BOOL_CONVERSION = YES;
				CLANG_WARN_CONSTANT_CONVERSION = YES;
				CLANG_WARN_DIRECT_OBJC_ISA_USAGE = YES_ERROR;
				CLANG_WARN_EMPTY_BODY = YES;
				CLANG_WARN_ENUM_CONVERSION = YES;
				CLANG_WARN_INT_CONVERSION = YES;
				CLANG_WARN_OBJC_ROOT_CLASS = YES_ERROR;
				CLANG_WARN_UNREACHABLE_CODE = YES;
				CLANG_WARN__DUPLICATE_METHOD_MATCH = YES;
				"CODE_SIGN_IDENTITY[sdk=iphoneos*]" = "iPhone Developer";
				COPY_PHASE_STRIP = NO;
				DEBUG_INFORMATION_FORMAT = "dwarf-with-dsym";
				ENABLE_NS_ASSERTIONS = NO;
				ENABLE_STRICT_OBJC_MSGSEND = YES;
				GCC_C_LANGUAGE_STANDARD = gnu99;
				GCC_NO_COMMON_BLOCKS = YES;
				GCC_WARN_64_TO_32_BIT_CONVERSION = YES;
				GCC_WARN_ABOUT_RETURN_TYPE = YES_ERROR;
				GCC_WARN_UNDECLARED_SELECTOR = YES;
				GCC_WARN_UNINITIALIZED_AUTOS = YES_AGGRESSIVE;
				GCC_WARN_UNUSED_FUNCTION = YES;
				GCC_WARN_UNUSED_VARIABLE = YES;
				IPHONEOS_DEPLOYMENT_TARGET = 9.2;
				MTL_ENABLE_DEBUG_INFO = NO;
				SDKROOT = iphoneos;
				TARGETED_DEVICE_FAMILY = "1,2";
				VALIDATE_PRODUCT = YES;
			};
			name = Release;
		};
		8822A0571C2E8570007D66DB /* Debug */ = {
			isa = XCBuildConfiguration;
			baseConfigurationReference = F3A2D56B4AF640D7834D2326 /* Pods-Board.debug.xcconfig */;
			buildSettings = {
				ASSETCATALOG_COMPILER_APPICON_NAME = AppIcon;
				CLANG_ENABLE_MODULES = YES;
				INFOPLIST_FILE = Board/Info.plist;
				LD_RUNPATH_SEARCH_PATHS = "$(inherited) @executable_path/Frameworks";
				PRODUCT_BUNDLE_IDENTIFIER = "Yu-Wang.Board";
				PRODUCT_NAME = "$(TARGET_NAME)";
				SWIFT_OBJC_BRIDGING_HEADER = "Board/Board-Bridging-Header.h";
				SWIFT_OPTIMIZATION_LEVEL = "-Onone";
			};
			name = Debug;
		};
		8822A0581C2E8570007D66DB /* Release */ = {
			isa = XCBuildConfiguration;
			baseConfigurationReference = 57F84606F108D0485A165D7C /* Pods-Board.release.xcconfig */;
			buildSettings = {
				ASSETCATALOG_COMPILER_APPICON_NAME = AppIcon;
				CLANG_ENABLE_MODULES = YES;
				INFOPLIST_FILE = Board/Info.plist;
				LD_RUNPATH_SEARCH_PATHS = "$(inherited) @executable_path/Frameworks";
				PRODUCT_BUNDLE_IDENTIFIER = "Yu-Wang.Board";
				PRODUCT_NAME = "$(TARGET_NAME)";
				SWIFT_OBJC_BRIDGING_HEADER = "Board/Board-Bridging-Header.h";
			};
			name = Release;
		};
		8822A05A1C2E8570007D66DB /* Debug */ = {
			isa = XCBuildConfiguration;
			buildSettings = {
				BUNDLE_LOADER = "$(TEST_HOST)";
				INFOPLIST_FILE = BoardTests/Info.plist;
				LD_RUNPATH_SEARCH_PATHS = "$(inherited) @executable_path/Frameworks @loader_path/Frameworks";
				PRODUCT_BUNDLE_IDENTIFIER = "Yu-Wang.BoardTests";
				PRODUCT_NAME = "$(TARGET_NAME)";
				TEST_HOST = "$(BUILT_PRODUCTS_DIR)/Board.app/Board";
			};
			name = Debug;
		};
		8822A05B1C2E8570007D66DB /* Release */ = {
			isa = XCBuildConfiguration;
			buildSettings = {
				BUNDLE_LOADER = "$(TEST_HOST)";
				INFOPLIST_FILE = BoardTests/Info.plist;
				LD_RUNPATH_SEARCH_PATHS = "$(inherited) @executable_path/Frameworks @loader_path/Frameworks";
				PRODUCT_BUNDLE_IDENTIFIER = "Yu-Wang.BoardTests";
				PRODUCT_NAME = "$(TARGET_NAME)";
				TEST_HOST = "$(BUILT_PRODUCTS_DIR)/Board.app/Board";
			};
			name = Release;
		};
		8822A05D1C2E8570007D66DB /* Debug */ = {
			isa = XCBuildConfiguration;
			buildSettings = {
				INFOPLIST_FILE = BoardUITests/Info.plist;
				LD_RUNPATH_SEARCH_PATHS = "$(inherited) @executable_path/Frameworks @loader_path/Frameworks";
				PRODUCT_BUNDLE_IDENTIFIER = "Yu-Wang.BoardUITests";
				PRODUCT_NAME = "$(TARGET_NAME)";
				TEST_TARGET_NAME = Board;
				USES_XCTRUNNER = YES;
			};
			name = Debug;
		};
		8822A05E1C2E8570007D66DB /* Release */ = {
			isa = XCBuildConfiguration;
			buildSettings = {
				INFOPLIST_FILE = BoardUITests/Info.plist;
				LD_RUNPATH_SEARCH_PATHS = "$(inherited) @executable_path/Frameworks @loader_path/Frameworks";
				PRODUCT_BUNDLE_IDENTIFIER = "Yu-Wang.BoardUITests";
				PRODUCT_NAME = "$(TARGET_NAME)";
				TEST_TARGET_NAME = Board;
				USES_XCTRUNNER = YES;
			};
			name = Release;
		};
/* End XCBuildConfiguration section */

/* Begin XCConfigurationList section */
		8822A0291C2E8570007D66DB /* Build configuration list for PBXProject "Board" */ = {
			isa = XCConfigurationList;
			buildConfigurations = (
				8822A0541C2E8570007D66DB /* Debug */,
				8822A0551C2E8570007D66DB /* Release */,
			);
			defaultConfigurationIsVisible = 0;
			defaultConfigurationName = Release;
		};
		8822A0561C2E8570007D66DB /* Build configuration list for PBXNativeTarget "Board" */ = {
			isa = XCConfigurationList;
			buildConfigurations = (
				8822A0571C2E8570007D66DB /* Debug */,
				8822A0581C2E8570007D66DB /* Release */,
			);
			defaultConfigurationIsVisible = 0;
			defaultConfigurationName = Release;
		};
		8822A0591C2E8570007D66DB /* Build configuration list for PBXNativeTarget "BoardTests" */ = {
			isa = XCConfigurationList;
			buildConfigurations = (
				8822A05A1C2E8570007D66DB /* Debug */,
				8822A05B1C2E8570007D66DB /* Release */,
			);
			defaultConfigurationIsVisible = 0;
			defaultConfigurationName = Release;
		};
		8822A05C1C2E8570007D66DB /* Build configuration list for PBXNativeTarget "BoardUITests" */ = {
			isa = XCConfigurationList;
			buildConfigurations = (
				8822A05D1C2E8570007D66DB /* Debug */,
				8822A05E1C2E8570007D66DB /* Release */,
			);
			defaultConfigurationIsVisible = 0;
			defaultConfigurationName = Release;
		};
/* End XCConfigurationList section */
	};
	rootObject = 8822A0261C2E8570007D66DB /* Project object */;
}
